// !$*UTF8*$!
{
	archiveVersion = 1;
	classes = {
	};
	objectVersion = 46;
	objects = {

/* Begin PBXBuildFile section */
		2794FD231D9CD41000D53AEB /* main.m in Sources */ = {isa = PBXBuildFile; fileRef = 2794FD221D9CD41000D53AEB /* main.m */; };
		2794FD261D9CD41000D53AEB /* AppDelegate.m in Sources */ = {isa = PBXBuildFile; fileRef = 2794FD251D9CD41000D53AEB /* AppDelegate.m */; };
		2794FD291D9CD41000D53AEB /* ViewController.m in Sources */ = {isa = PBXBuildFile; fileRef = 2794FD281D9CD41000D53AEB /* ViewController.m */; };
		2794FD2C1D9CD41000D53AEB /* Main.storyboard in Resources */ = {isa = PBXBuildFile; fileRef = 2794FD2A1D9CD41000D53AEB /* Main.storyboard */; };
		2794FD2E1D9CD41000D53AEB /* Assets.xcassets in Resources */ = {isa = PBXBuildFile; fileRef = 2794FD2D1D9CD41000D53AEB /* Assets.xcassets */; };
		2794FD311D9CD41000D53AEB /* LaunchScreen.storyboard in Resources */ = {isa = PBXBuildFile; fileRef = 2794FD2F1D9CD41000D53AEB /* LaunchScreen.storyboard */; };
/* End PBXBuildFile section */

/* Begin PBXFileReference section */
		2794FD1E1D9CD41000D53AEB /* simpleAPP.app */ = {isa = PBXFileReference; explicitFileType = wrapper.application; includeInIndex = 0; path = simpleAPP.app; sourceTree = BUILT_PRODUCTS_DIR; };
		2794FD221D9CD41000D53AEB /* main.m */ = {isa = PBXFileReference; lastKnownFileType = sourcecode.c.objc; path = main.m; sourceTree = "<group>"; };
		2794FD241D9CD41000D53AEB /* AppDelegate.h */ = {isa = PBXFileReference; lastKnownFileType = sourcecode.c.h; path = AppDelegate.h; sourceTree = "<group>"; };
		2794FD251D9CD41000D53AEB /* AppDelegate.m */ = {isa = PBXFileReference; lastKnownFileType = sourcecode.c.objc; path = AppDelegate.m; sourceTree = "<group>"; };
		2794FD271D9CD41000D53AEB /* ViewController.h */ = {isa = PBXFileReference; lastKnownFileType = sourcecode.c.h; path = ViewController.h; sourceTree = "<group>"; };
		2794FD281D9CD41000D53AEB /* ViewController.m */ = {isa = PBXFileReference; lastKnownFileType = sourcecode.c.objc; path = ViewController.m; sourceTree = "<group>"; };
		2794FD2B1D9CD41000D53AEB /* Base */ = {isa = PBXFileReference; lastKnownFileType = file.storyboard; name = Base; path = Base.lproj/Main.storyboard; sourceTree = "<group>"; };
		2794FD2D1D9CD41000D53AEB /* Assets.xcassets */ = {isa = PBXFileReference; lastKnownFileType = folder.assetcatalog; path = Assets.xcassets; sourceTree = "<group>"; };
		2794FD301D9CD41000D53AEB /* Base */ = {isa = PBXFileReference; lastKnownFileType = file.storyboard; name = Base; path = Base.lproj/LaunchScreen.storyboard; sourceTree = "<group>"; };
		2794FD321D9CD41000D53AEB /* Info.plist */ = {isa = PBXFileReference; lastKnownFileType = text.plist.xml; path = Info.plist; sourceTree = "<group>"; };
/* End PBXFileReference section */

/* Begin PBXFrameworksBuildPhase section */
		2794FD1B1D9CD41000D53AEB /* Frameworks */ = {
			isa = PBXFrameworksBuildPhase;
			buildActionMask = 2147483647;
			files = (
			);
			runOnlyForDeploymentPostprocessing = 0;
		};
/* End PBXFrameworksBuildPhase section */

/* Begin PBXGroup section */
		2794FD151D9CD41000D53AEB = {
			isa = PBXGroup;
			children = (
				2794FD201D9CD41000D53AEB /* simpleAPP */,
				2794FD1F1D9CD41000D53AEB /* Products */,
			);
			sourceTree = "<group>";
		};
		2794FD1F1D9CD41000D53AEB /* Products */ = {
			isa = PBXGroup;
			children = (
				2794FD1E1D9CD41000D53AEB /* simpleAPP.app */,
			);
			name = Products;
			sourceTree = "<group>";
		};
		2794FD201D9CD41000D53AEB /* simpleAPP */ = {
			isa = PBXGroup;
			children = (
				2794FD241D9CD41000D53AEB /* AppDelegate.h */,
				2794FD251D9CD41000D53AEB /* AppDelegate.m */,
				2794FD271D9CD41000D53AEB /* ViewController.h */,
				2794FD281D9CD41000D53AEB /* ViewController.m */,
				2794FD2A1D9CD41000D53AEB /* Main.storyboard */,
				2794FD211D9CD41000D53AEB /* Supporting Files */,
			);
			path = simpleAPP;
			sourceTree = "<group>";
		};
		2794FD211D9CD41000D53AEB /* Supporting Files */ = {
			isa = PBXGroup;
			children = (
				2794FD221D9CD41000D53AEB /* main.m */,
				2794FD2D1D9CD41000D53AEB /* Assets.xcassets */,
				2794FD2F1D9CD41000D53AEB /* LaunchScreen.storyboard */,
				2794FD321D9CD41000D53AEB /* Info.plist */,
			);
			name = "Supporting Files";
			sourceTree = "<group>";
		};
/* End PBXGroup section */

/* Begin PBXNativeTarget section */
		2794FD1D1D9CD41000D53AEB /* simpleAPP */ = {
			isa = PBXNativeTarget;
			buildConfigurationList = 2794FD351D9CD41000D53AEB /* Build configuration list for PBXNativeTarget "simpleAPP" */;
			buildPhases = (
				2794FD1A1D9CD41000D53AEB /* Sources */,
				2794FD1B1D9CD41000D53AEB /* Frameworks */,
				2794FD1C1D9CD41000D53AEB /* Resources */,
			);
			buildRules = (
			);
			dependencies = (
			);
			name = simpleAPP;
			productName = simpleAPP;
			productReference = 2794FD1E1D9CD41000D53AEB /* simpleAPP.app */;
			productType = "com.apple.product-type.application";
		};
/* End PBXNativeTarget section */

/* Begin PBXProject section */
		2794FD161D9CD41000D53AEB /* Project object */ = {
			isa = PBXProject;
			attributes = {
				LastUpgradeCheck = 0800;
				ORGANIZATIONNAME = Alphacamp;
				TargetAttributes = {
					2794FD1D1D9CD41000D53AEB = {
						CreatedOnToolsVersion = 8.0;
						DevelopmentTeam = YC2D4SQBZS;
						LastSwiftMigration = 0800;
						ProvisioningStyle = Automatic;
					};
				};
			};
			buildConfigurationList = 2794FD191D9CD41000D53AEB /* Build configuration list for PBXProject "simpleAPP" */;
			compatibilityVersion = "Xcode 3.2";
			developmentRegion = English;
			hasScannedForEncodings = 0;
			knownRegions = (
				en,
				Base,
			);
			mainGroup = 2794FD151D9CD41000D53AEB;
			productRefGroup = 2794FD1F1D9CD41000D53AEB /* Products */;
			projectDirPath = "";
			projectRoot = "";
			targets = (
				2794FD1D1D9CD41000D53AEB /* simpleAPP */,
			);
		};
/* End PBXProject section */

/* Begin PBXResourcesBuildPhase section */
		2794FD1C1D9CD41000D53AEB /* Resources */ = {
			isa = PBXResourcesBuildPhase;
			buildActionMask = 2147483647;
			files = (
				2794FD311D9CD41000D53AEB /* LaunchScreen.storyboard in Resources */,
				2794FD2E1D9CD41000D53AEB /* Assets.xcassets in Resources */,
				2794FD2C1D9CD41000D53AEB /* Main.storyboard in Resources */,
			);
			runOnlyForDeploymentPostprocessing = 0;
		};
/* End PBXResourcesBuildPhase section */

/* Begin PBXSourcesBuildPhase section */
		2794FD1A1D9CD41000D53AEB /* Sources */ = {
			isa = PBXSourcesBuildPhase;
			buildActionMask = 2147483647;
			files = (
				2794FD291D9CD41000D53AEB /* ViewController.m in Sources */,
				2794FD261D9CD41000D53AEB /* AppDelegate.m in Sources */,
				2794FD231D9CD41000D53AEB /* main.m in Sources */,
			);
			runOnlyForDeploymentPostprocessing = 0;
		};
/* End PBXSourcesBuildPhase section */

/* Begin PBXVariantGroup section */
		2794FD2A1D9CD41000D53AEB /* Main.storyboard */ = {
			isa = PBXVariantGroup;
			children = (
				2794FD2B1D9CD41000D53AEB /* Base */,
			);
			name = Main.storyboard;
			sourceTree = "<group>";
		};
		2794FD2F1D9CD41000D53AEB /* LaunchScreen.storyboard */ = {
			isa = PBXVariantGroup;
			children = (
				2794FD301D9CD41000D53AEB /* Base */,
			);
			name = LaunchScreen.storyboard;
			sourceTree = "<group>";
		};
/* End PBXVariantGroup section */

/* Begin XCBuildConfiguration section */
		2794FD331D9CD41000D53AEB /* Debug */ = {
			isa = XCBuildConfiguration;
			buildSettings = {
				ALWAYS_SEARCH_USER_PATHS = NO;
				CLANG_ANALYZER_NONNULL = YES;
				CLANG_CXX_LANGUAGE_STANDARD = "gnu++0x";
				CLANG_CXX_LIBRARY = "libc++";
				CLANG_ENABLE_MODULES = YES;
				CLANG_ENABLE_OBJC_ARC = YES;
				CLANG_WARN_BOOL_CONVERSION = YES;
				CLANG_WARN_CONSTANT_CONVERSION = YES;
				CLANG_WARN_DIRECT_OBJC_ISA_USAGE = YES_ERROR;
				CLANG_WARN_DOCUMENTATION_COMMENTS = YES;
				CLANG_WARN_EMPTY_BODY = YES;
				CLANG_WARN_ENUM_CONVERSION = YES;
				CLANG_WARN_INFINITE_RECURSION = YES;
				CLANG_WARN_INT_CONVERSION = YES;
				CLANG_WARN_OBJC_ROOT_CLASS = YES_ERROR;
				CLANG_WARN_SUSPICIOUS_MOVES = YES;
				CLANG_WARN_UNREACHABLE_CODE = YES;
				CLANG_WARN__DUPLICATE_METHOD_MATCH = YES;
				"CODE_SIGN_IDENTITY[sdk=iphoneos*]" = "iPhone Developer";
				COPY_PHASE_STRIP = NO;
				DEBUG_INFORMATION_FORMAT = dwarf;
				ENABLE_STRICT_OBJC_MSGSEND = YES;
				ENABLE_TESTABILITY = YES;
				GCC_C_LANGUAGE_STANDARD = gnu99;
				GCC_DYNAMIC_NO_PIC = NO;
				GCC_NO_COMMON_BLOCKS = YES;
				GCC_OPTIMIZATION_LEVEL = 0;
				GCC_PREPROCESSOR_DEFINITIONS = (
					"DEBUG=1",
					"$(inherited)",
				);
				GCC_WARN_64_TO_32_BIT_CONVERSION = YES;
				GCC_WARN_ABOUT_RETURN_TYPE = YES_ERROR;
				GCC_WARN_UNDECLARED_SELECTOR = YES;
				GCC_WARN_UNINITIALIZED_AUTOS = YES_AGGRESSIVE;
				GCC_WARN_UNUSED_FUNCTION = YES;
				GCC_WARN_UNUSED_VARIABLE = YES;
				IPHONEOS_DEPLOYMENT_TARGET = 10.0;
				MTL_ENABLE_DEBUG_INFO = YES;
				ONLY_ACTIVE_ARCH = YES;
				SDKROOT = iphoneos;
				TARGETED_DEVICE_FAMILY = "1,2";
			};
			name = Debug;
		};
		2794FD341D9CD41000D53AEB /* Release */ = {
			isa = XCBuildConfiguration;
			buildSettings = {
				ALWAYS_SEARCH_USER_PATHS = NO;
				CLANG_ANALYZER_NONNULL = YES;
				CLANG_CXX_LANGUAGE_STANDARD = "gnu++0x";
				CLANG_CXX_LIBRARY = "libc++";
				CLANG_ENABLE_MODULES = YES;
				CLANG_ENABLE_OBJC_ARC = YES;
				CLANG_WARN_BOOL_CONVERSION = YES;
				CLANG_WARN_CONSTANT_CONVERSION = YES;
				CLANG_WARN_DIRECT_OBJC_ISA_USAGE = YES_ERROR;
				CLANG_WARN_DOCUMENTATION_COMMENTS = YES;
				CLANG_WARN_EMPTY_BODY = YES;
				CLANG_WARN_ENUM_CONVERSION = YES;
				CLANG_WARN_INFINITE_RECURSION = YES;
				CLANG_WARN_INT_CONVERSION = YES;
				CLANG_WARN_OBJC_ROOT_CLASS = YES_ERROR;
				CLANG_WARN_SUSPICIOUS_MOVES = YES;
				CLANG_WARN_UNREACHABLE_CODE = YES;
				CLANG_WARN__DUPLICATE_METHOD_MATCH = YES;
				"CODE_SIGN_IDENTITY[sdk=iphoneos*]" = "iPhone Developer";
				COPY_PHASE_STRIP = NO;
				DEBUG_INFORMATION_FORMAT = "dwarf-with-dsym";
				ENABLE_NS_ASSERTIONS = NO;
				ENABLE_STRICT_OBJC_MSGSEND = YES;
				GCC_C_LANGUAGE_STANDARD = gnu99;
				GCC_NO_COMMON_BLOCKS = YES;
				GCC_WARN_64_TO_32_BIT_CONVERSION = YES;
				GCC_WARN_ABOUT_RETURN_TYPE = YES_ERROR;
				GCC_WARN_UNDECLARED_SELECTOR = YES;
				GCC_WARN_UNINITIALIZED_AUTOS = YES_AGGRESSIVE;
				GCC_WARN_UNUSED_FUNCTION = YES;
				GCC_WARN_UNUSED_VARIABLE = YES;
				IPHONEOS_DEPLOYMENT_TARGET = 10.0;
				MTL_ENABLE_DEBUG_INFO = NO;
				SDKROOT = iphoneos;
				TARGETED_DEVICE_FAMILY = "1,2";
				VALIDATE_PRODUCT = YES;
			};
			name = Release;
		};
		2794FD361D9CD41000D53AEB /* Debug */ = {
			isa = XCBuildConfiguration;
			buildSettings = {
				ASSETCATALOG_COMPILER_APPICON_NAME = AppIcon;
				CLANG_ENABLE_MODULES = YES;
				DEVELOPMENT_TEAM = YC2D4SQBZS;
				INFOPLIST_FILE = simpleAPP/Info.plist;
				LD_RUNPATH_SEARCH_PATHS = "$(inherited) @executable_path/Frameworks";
				PRODUCT_BUNDLE_IDENTIFIER = co.Alphacamp.simpleAPP;
				PRODUCT_NAME = "$(TARGET_NAME)";
				SWIFT_OBJC_BRIDGING_HEADER = "./simpleAPP/simpleAPP-Brifging-Header.h";
				SWIFT_OPTIMIZATION_LEVEL = "-Onone";
				SWIFT_VERSION = 3.0;
			};
			name = Debug;
		};
		2794FD371D9CD41000D53AEB /* Release */ = {
			isa = XCBuildConfiguration;
			buildSettings = {
				ASSETCATALOG_COMPILER_APPICON_NAME = AppIcon;
				CLANG_ENABLE_MODULES = YES;
				DEVELOPMENT_TEAM = YC2D4SQBZS;
				INFOPLIST_FILE = simpleAPP/Info.plist;
				LD_RUNPATH_SEARCH_PATHS = "$(inherited) @executable_path/Frameworks";
				PRODUCT_BUNDLE_IDENTIFIER = co.Alphacamp.simpleAPP;
				PRODUCT_NAME = "$(TARGET_NAME)";
				SWIFT_OBJC_BRIDGING_HEADER = "./simpleAPP/simpleAPP-Brifging-Header.h";
				SWIFT_VERSION = 3.0;
			};
			name = Release;
		};
/* End XCBuildConfiguration section */

/* Begin XCConfigurationList section */
		2794FD191D9CD41000D53AEB /* Build configuration list for PBXProject "simpleAPP" */ = {
			isa = XCConfigurationList;
			buildConfigurations = (
				2794FD331D9CD41000D53AEB /* Debug */,
				2794FD341D9CD41000D53AEB /* Release */,
			);
			defaultConfigurationIsVisible = 0;
			defaultConfigurationName = Release;
		};
		2794FD351D9CD41000D53AEB /* Build configuration list for PBXNativeTarget "simpleAPP" */ = {
			isa = XCConfigurationList;
			buildConfigurations = (
				2794FD361D9CD41000D53AEB /* Debug */,
				2794FD371D9CD41000D53AEB /* Release */,
			);
			defaultConfigurationIsVisible = 0;
			defaultConfigurationName = Release;
		};
/* End XCConfigurationList section */
	};
	rootObject = 2794FD161D9CD41000D53AEB /* Project object */;
}
